# This file was autogenerated by Stack.
# You should not edit this file by hand.
# For more information, please see the documentation at:
#   https://docs.haskellstack.org/en/stable/lock_files

packages:
- completed:
    name: interval-algebra
    version: 0.1.1
    git: https://github.com/novisci/interval-algebra.git
    pantry-tree:
      size: 721
      sha256: 9d1e37c2e73b8a44231ffeafad45bc1eabaf703a5036f3efb9d709292f1e735b
    commit: 58f59ad14e10dcb221a33fffadf03bbc179ba0bb
  original:
    git: https://github.com/novisci/interval-algebra.git
    commit: 58f59ad14e10dcb221a33fffadf03bbc179ba0bb
snapshots:
- completed:
    size: 531696
    url: https://raw.githubusercontent.com/commercialhaskell/stackage-snapshots/master/lts/16/3.yaml
    sha256: 65e3a94c65ad07fa1913649e3f1e36c4af51bf528a5d9fd217bdc1b46d0477cc
  original: lts-16.3
